<?xml version="1.0" encoding="utf-8"?>
<Project ToolsVersion="4.0" xmlns="http://schemas.microsoft.com/developer/msbuild/2003">
  <ItemGroup>
    <Filter Include="Source Files">
      <UniqueIdentifier>{4FC737F1-C7A5-4376-A066-2A32D752A2FF}</UniqueIdentifier>
      <Extensions>cpp;c;cc;cxx;c++;cppm;ixx;def;odl;idl;hpj;bat;asm;asmx</Extensions>
    </Filter>
    <Filter Include="Header Files">
      <UniqueIdentifier>{93995380-89BD-4b04-88EB-625FBE52EBFB}</UniqueIdentifier>
      <Extensions>h;hh;hpp;hxx;h++;hm;inl;inc;ipp;xsd</Extensions>
    </Filter>
    <Filter Include="Resource Files">
      <UniqueIdentifier>{67DA6AB6-F800-4c08-8B7A-83BB121AAD01}</UniqueIdentifier>
      <Extensions>rc;ico;cur;bmp;dlg;rc2;rct;bin;rgs;gif;jpg;jpeg;jpe;resx;tiff;tif;png;wav;mfcribbon-ms</Extensions>
    </Filter>
  </ItemGroup>
  <ItemGroup>
    <ClCompile Include="main.cpp">
      <Filter>Source Files</Filter>
    </ClCompile>
    <ClCompile Include="gl_engine\object\Circle.cpp">
      <Filter>Source Files</Filter>
    </ClCompile>
    <ClCompile Include="gl_engine\object\GLLine.cpp">
      <Filter>Source Files</Filter>
    </ClCompile>
    <ClCompile Include="gl_engine\object\GLMultiLine.cpp">
      <Filter>Source Files</Filter>
    </ClCompile>
    <ClCompile Include="gl_engine\object\GLRenderableSprite.cpp">
      <Filter>Source Files</Filter>
    </ClCompile>
    <ClCompile Include="gl_engine\object\GLTriangle.cpp">
      <Filter>Source Files</Filter>
    </ClCompile>
    <ClCompile Include="gl_engine\object\GLTriangleFan.cpp">
      <Filter>Source Files</Filter>
    </ClCompile>
    <ClCompile Include="gl_engine\object\GLTriangleStrip.cpp">
      <Filter>Source Files</Filter>
    </ClCompile>
    <ClCompile Include="gl_engine\GLBuffer.cpp">
      <Filter>Source Files</Filter>
    </ClCompile>
    <ClCompile Include="gl_engine\GLCamera.cpp">
      <Filter>Source Files</Filter>
    </ClCompile>
    <ClCompile Include="gl_engine\GLCamera2D.cpp">
      <Filter>Source Files</Filter>
    </ClCompile>
    <ClCompile Include="gl_engine\GLCamera3D.cpp">
      <Filter>Source Files</Filter>
    </ClCompile>
    <ClCompile Include="gl_engine\GLDebug.cpp">
      <Filter>Source Files</Filter>
    </ClCompile>
    <ClCompile Include="gl_engine\GLEngine.cpp">
      <Filter>Source Files</Filter>
    </ClCompile>
    <ClCompile Include="gl_engine\GLPointRenderer.cpp">
      <Filter>Source Files</Filter>
    </ClCompile>
    <ClCompile Include="gl_engine\GLProgram.cpp">
      <Filter>Source Files</Filter>
    </ClCompile>
    <ClCompile Include="gl_engine\GLShader.cpp">
      <Filter>Source Files</Filter>
    </ClCompile>
    <ClCompile Include="gl_engine\GLTexture.cpp">
      <Filter>Source Files</Filter>
    </ClCompile>
    <ClCompile Include="gl_engine\GLTransform.cpp">
      <Filter>Source Files</Filter>
    </ClCompile>
    <ClCompile Include="glfw_engine\GLFWEngine.cpp">
      <Filter>Source Files</Filter>
    </ClCompile>
    <ClCompile Include="glfw_engine\GLFWInput.cpp">
      <Filter>Source Files</Filter>
    </ClCompile>
    <ClCompile Include="glfw_engine\GLFWJoysticManager.cpp">
      <Filter>Source Files</Filter>
    </ClCompile>
    <ClCompile Include="glfw_engine\GLFWWindow.cpp">
      <Filter>Source Files</Filter>
    </ClCompile>
    <ClCompile Include="glfw_engine\GLFWWindowManager.cpp">
      <Filter>Source Files</Filter>
    </ClCompile>
    <ClCompile Include="in_time_editor\ComponentAdderPopupUI.cpp">
      <Filter>Source Files</Filter>
    </ClCompile>
    <ClCompile Include="in_time_editor\EngineTimeUI.cpp">
      <Filter>Source Files</Filter>
    </ClCompile>
    <ClCompile Include="in_time_editor\GameObjectUI.cpp">
      <Filter>Source Files</Filter>
    </ClCompile>
    <ClCompile Include="in_time_editor\HierarchyUI.cpp">
      <Filter>Source Files</Filter>
    </ClCompile>
    <ClCompile Include="in_time_editor\InspectorUI.cpp">
      <Filter>Source Files</Filter>
    </ClCompile>
    <ClCompile Include="in_time_editor\InTimeEditor.cpp">
      <Filter>Source Files</Filter>
    </ClCompile>
    <ClCompile Include="in_time_engine\gpu_component\Camera2D.cpp">
      <Filter>Source Files</Filter>
    </ClCompile>
    <ClCompile Include="in_time_engine\gpu_component\GPUTransform.cpp">
      <Filter>Source Files</Filter>
    </ClCompile>
    <ClCompile Include="in_time_engine\object\Timer.cpp">
      <Filter>Source Files</Filter>
    </ClCompile>
    <ClCompile Include="in_time_engine\physics_engine_2d\PhysicsEngine2D.cpp">
      <Filter>Source Files</Filter>
    </ClCompile>
    <ClCompile Include="in_time_engine\physics_engine_2d\RigidBodyB2D.cpp">
      <Filter>Source Files</Filter>
    </ClCompile>
    <ClCompile Include="in_time_engine\physics_engine_2d\ShapeB2D.cpp">
      <Filter>Source Files</Filter>
    </ClCompile>
    <ClCompile Include="in_time_engine\Component.cpp">
      <Filter>Source Files</Filter>
    </ClCompile>
    <ClCompile Include="in_time_engine\ComponentManager.cpp">
      <Filter>Source Files</Filter>
    </ClCompile>
    <ClCompile Include="in_time_engine\ComponentRegistry.cpp">
      <Filter>Source Files</Filter>
    </ClCompile>
    <ClCompile Include="in_time_engine\EngineEvents.cpp">
      <Filter>Source Files</Filter>
    </ClCompile>
    <ClCompile Include="in_time_engine\GameObject.cpp">
      <Filter>Source Files</Filter>
    </ClCompile>
    <ClCompile Include="in_time_engine\GameObjectManager.cpp">
      <Filter>Source Files</Filter>
    </ClCompile>
    <ClCompile Include="in_time_engine\Image.cpp">
      <Filter>Source Files</Filter>
    </ClCompile>
    <ClCompile Include="in_time_engine\InTimeEngine.cpp">
      <Filter>Source Files</Filter>
    </ClCompile>
    <ClCompile Include="in_time_engine\Resource.cpp">
      <Filter>Source Files</Filter>
    </ClCompile>
    <ClCompile Include="in_time_engine\ResourceManager.cpp">
      <Filter>Source Files</Filter>
    </ClCompile>
    <ClCompile Include="in_time_engine\Scene.cpp">
      <Filter>Source Files</Filter>
    </ClCompile>
    <ClCompile Include="in_time_engine\SceneManager.cpp">
      <Filter>Source Files</Filter>
    </ClCompile>
    <ClCompile Include="in_time_engine\Time.cpp">
      <Filter>Source Files</Filter>
    </ClCompile>
    <ClCompile Include="in_time_engine\Transform.cpp">
      <Filter>Source Files</Filter>
    </ClCompile>
    <ClCompile Include="utility\IdFactory.cpp">
      <Filter>Source Files</Filter>
    </ClCompile>
    <ClCompile Include="utility\Number.cpp">
      <Filter>Source Files</Filter>
    </ClCompile>
    <ClCompile Include="..\dependencies\imgui\imgui\imgui.cpp">
      <Filter>Source Files</Filter>
    </ClCompile>
    <ClCompile Include="..\dependencies\imgui\imgui\imgui_draw.cpp">
      <Filter>Source Files</Filter>
    </ClCompile>
    <ClCompile Include="..\dependencies\imgui\imgui\imgui_tables.cpp">
      <Filter>Source Files</Filter>
    </ClCompile>
    <ClCompile Include="..\dependencies\imgui\imgui\imgui_widgets.cpp">
      <Filter>Source Files</Filter>
    </ClCompile>
    <ClCompile Include="..\dependencies\imgui\imgui\backends\imgui_impl_glfw.cpp">
      <Filter>Source Files</Filter>
    </ClCompile>
    <ClCompile Include="..\dependencies\imgui\imgui\backends\imgui_impl_opengl3.cpp">
      <Filter>Source Files</Filter>
    </ClCompile>
    <ClCompile Include="UserComponentSerializer.cpp">
      <Filter>Source Files</Filter>
    </ClCompile>
  </ItemGroup>
  <ItemGroup>
    <ClInclude Include="gl_engine\object\GLCircle.h">
      <Filter>Header Files</Filter>
    </ClInclude>
    <ClInclude Include="gl_engine\object\GLLine.h">
      <Filter>Header Files</Filter>
    </ClInclude>
    <ClInclude Include="gl_engine\object\GLMultiLine.h">
      <Filter>Header Files</Filter>
    </ClInclude>
    <ClInclude Include="gl_engine\object\GLPoint.h">
      <Filter>Header Files</Filter>
    </ClInclude>
    <ClInclude Include="gl_engine\object\GLRenderableSprite.h">
      <Filter>Header Files</Filter>
    </ClInclude>
    <ClInclude Include="gl_engine\object\GLTriangle.h">
      <Filter>Header Files</Filter>
    </ClInclude>
    <ClInclude Include="gl_engine\object\GLTriangleFan.h">
      <Filter>Header Files</Filter>
    </ClInclude>
    <ClInclude Include="gl_engine\object\GLTriangleStrip.h">
      <Filter>Header Files</Filter>
    </ClInclude>
    <ClInclude Include="gl_engine\GLBuffer.h">
      <Filter>Header Files</Filter>
    </ClInclude>
    <ClInclude Include="gl_engine\GLCamera.h">
      <Filter>Header Files</Filter>
    </ClInclude>
    <ClInclude Include="gl_engine\GLCamera2D.h">
      <Filter>Header Files</Filter>
    </ClInclude>
    <ClInclude Include="gl_engine\GLCamera3D.h">
      <Filter>Header Files</Filter>
    </ClInclude>
    <ClInclude Include="gl_engine\GLDataType.h">
      <Filter>Header Files</Filter>
    </ClInclude>
    <ClInclude Include="gl_engine\GLDebug.h">
      <Filter>Header Files</Filter>
    </ClInclude>
    <ClInclude Include="gl_engine\GLEngine.h">
      <Filter>Header Files</Filter>
    </ClInclude>
    <ClInclude Include="gl_engine\GLHeader.h">
      <Filter>Header Files</Filter>
    </ClInclude>
    <ClInclude Include="gl_engine\GLPointRenderer.h">
      <Filter>Header Files</Filter>
    </ClInclude>
    <ClInclude Include="gl_engine\GLPrimitive.h">
      <Filter>Header Files</Filter>
    </ClInclude>
    <ClInclude Include="gl_engine\GLProgram.h">
      <Filter>Header Files</Filter>
    </ClInclude>
    <ClInclude Include="gl_engine\GLShader.h">
      <Filter>Header Files</Filter>
    </ClInclude>
    <ClInclude Include="gl_engine\GLTexture.h">
      <Filter>Header Files</Filter>
    </ClInclude>
    <ClInclude Include="gl_engine\GLTime.h">
      <Filter>Header Files</Filter>
    </ClInclude>
    <ClInclude Include="gl_engine\GLTransform.h">
      <Filter>Header Files</Filter>
    </ClInclude>
    <ClInclude Include="glfw_engine\GLFWEngine.h">
      <Filter>Header Files</Filter>
    </ClInclude>
    <ClInclude Include="glfw_engine\GLFWInput.h">
      <Filter>Header Files</Filter>
    </ClInclude>
    <ClInclude Include="glfw_engine\GLFWJoystick.h">
      <Filter>Header Files</Filter>
    </ClInclude>
    <ClInclude Include="glfw_engine\GLFWJoystickAxis.h">
      <Filter>Header Files</Filter>
    </ClInclude>
    <ClInclude Include="glfw_engine\GLFWJoystickAxisCode.h">
      <Filter>Header Files</Filter>
    </ClInclude>
    <ClInclude Include="glfw_engine\GLFWJoystickButton.h">
      <Filter>Header Files</Filter>
    </ClInclude>
    <ClInclude Include="glfw_engine\GLFWJoystickButtonCode.h">
      <Filter>Header Files</Filter>
    </ClInclude>
    <ClInclude Include="glfw_engine\GLFWJoystickCode.h">
      <Filter>Header Files</Filter>
    </ClInclude>
    <ClInclude Include="glfw_engine\GLFWJoystickManager.h">
      <Filter>Header Files</Filter>
    </ClInclude>
    <ClInclude Include="glfw_engine\GLFWKey.h">
      <Filter>Header Files</Filter>
    </ClInclude>
    <ClInclude Include="glfw_engine\GLFWKeyCode.h">
      <Filter>Header Files</Filter>
    </ClInclude>
    <ClInclude Include="glfw_engine\GLFWMouseButton.h">
      <Filter>Header Files</Filter>
    </ClInclude>
    <ClInclude Include="glfw_engine\GLFWMouseButtonCode.h">
      <Filter>Header Files</Filter>
    </ClInclude>
    <ClInclude Include="glfw_engine\GLFWWindow.h">
      <Filter>Header Files</Filter>
    </ClInclude>
    <ClInclude Include="glfw_engine\GLFWWindowManager.h">
      <Filter>Header Files</Filter>
    </ClInclude>
    <ClInclude Include="in_time_editor\ComponentAdderPopupUI.h">
      <Filter>Header Files</Filter>
    </ClInclude>
    <ClInclude Include="in_time_editor\EngineTimeUI.h">
      <Filter>Header Files</Filter>
    </ClInclude>
    <ClInclude Include="in_time_editor\GameObjectUI.h">
      <Filter>Header Files</Filter>
    </ClInclude>
    <ClInclude Include="in_time_editor\HierarchyUI.h">
      <Filter>Header Files</Filter>
    </ClInclude>
    <ClInclude Include="in_time_editor\InspectorUI.h">
      <Filter>Header Files</Filter>
    </ClInclude>
    <ClInclude Include="in_time_editor\InTimeEditor.h">
      <Filter>Header Files</Filter>
    </ClInclude>
    <ClInclude Include="in_time_engine\component\EmptyComponent.h">
      <Filter>Header Files</Filter>
    </ClInclude>
    <ClInclude Include="in_time_engine\component\PhysicsTransformation.h">
      <Filter>Header Files</Filter>
    </ClInclude>
    <ClInclude Include="in_time_engine\component\Transformation.h">
      <Filter>Header Files</Filter>
    </ClInclude>
    <ClInclude Include="in_time_engine\gpu_component\Camera2D.h">
      <Filter>Header Files</Filter>
    </ClInclude>
    <ClInclude Include="in_time_engine\gpu_component\GPUComponents.h">
      <Filter>Header Files</Filter>
    </ClInclude>
    <ClInclude Include="in_time_engine\gpu_component\GPUTransform.h">
      <Filter>Header Files</Filter>
    </ClInclude>
    <ClInclude Include="in_time_engine\object\CameraControl2D.h">
      <Filter>Header Files</Filter>
    </ClInclude>
    <ClInclude Include="in_time_engine\object\FrameCounter.h">
      <Filter>Header Files</Filter>
    </ClInclude>
    <ClInclude Include="in_time_engine\object\KeyControl.h">
      <Filter>Header Files</Filter>
    </ClInclude>
    <ClInclude Include="in_time_engine\object\Stopwatch.h">
      <Filter>Header Files</Filter>
    </ClInclude>
    <ClInclude Include="in_time_engine\object\Timer.h">
      <Filter>Header Files</Filter>
    </ClInclude>
    <ClInclude Include="in_time_engine\physics_engine_2d\PhysicsEngine2D.h">
      <Filter>Header Files</Filter>
    </ClInclude>
    <ClInclude Include="in_time_engine\physics_engine_2d\RigidBodyB2D.h">
      <Filter>Header Files</Filter>
    </ClInclude>
    <ClInclude Include="in_time_engine\physics_engine_2d\ShapeB2D.h">
      <Filter>Header Files</Filter>
    </ClInclude>
    <ClInclude Include="in_time_engine\Component.h">
      <Filter>Header Files</Filter>
    </ClInclude>
    <ClInclude Include="in_time_engine\ComponentManager.h">
      <Filter>Header Files</Filter>
    </ClInclude>
    <ClInclude Include="in_time_engine\ComponentRegistry.h">
      <Filter>Header Files</Filter>
    </ClInclude>
    <ClInclude Include="in_time_engine\CustomComponentSerializer.h">
      <Filter>Header Files</Filter>
    </ClInclude>
    <ClInclude Include="in_time_engine\EngineEvents.h">
      <Filter>Header Files</Filter>
    </ClInclude>
    <ClInclude Include="in_time_engine\EngineState.h">
      <Filter>Header Files</Filter>
    </ClInclude>
    <ClInclude Include="in_time_engine\GameObject.h">
      <Filter>Header Files</Filter>
    </ClInclude>
    <ClInclude Include="in_time_engine\GameObjectManager.h">
      <Filter>Header Files</Filter>
    </ClInclude>
    <ClInclude Include="in_time_engine\Image.h">
      <Filter>Header Files</Filter>
    </ClInclude>
    <ClInclude Include="in_time_engine\InTimeEngine.h">
      <Filter>Header Files</Filter>
    </ClInclude>
    <ClInclude Include="in_time_engine\json_serializer.h">
      <Filter>Header Files</Filter>
    </ClInclude>
    <ClInclude Include="in_time_engine\LifecycleFunctions.h">
      <Filter>Header Files</Filter>
    </ClInclude>
    <ClInclude Include="in_time_engine\ObjectStatus.h">
      <Filter>Header Files</Filter>
    </ClInclude>
    <ClInclude Include="in_time_engine\Resource.h">
      <Filter>Header Files</Filter>
    </ClInclude>
    <ClInclude Include="in_time_engine\ResourceManager.h">
      <Filter>Header Files</Filter>
    </ClInclude>
    <ClInclude Include="in_time_engine\Scene.h">
      <Filter>Header Files</Filter>
    </ClInclude>
    <ClInclude Include="in_time_engine\SceneManager.h">
      <Filter>Header Files</Filter>
    </ClInclude>
    <ClInclude Include="in_time_engine\Time.h">
      <Filter>Header Files</Filter>
    </ClInclude>
    <ClInclude Include="in_time_engine\Transform.h">
      <Filter>Header Files</Filter>
    </ClInclude>
    <ClInclude Include="in_time_engine\VirtualResource.h">
      <Filter>Header Files</Filter>
    </ClInclude>
    <ClInclude Include="utility\BinaryRangeTree.h">
      <Filter>Header Files</Filter>
    </ClInclude>
    <ClInclude Include="utility\IdFactory.h">
      <Filter>Header Files</Filter>
    </ClInclude>
    <ClInclude Include="utility\Number.h">
      <Filter>Header Files</Filter>
    </ClInclude>
    <ClInclude Include="utility\Range.h">
      <Filter>Header Files</Filter>
    </ClInclude>
    <ClInclude Include="UserComponentSerializer.h">
      <Filter>Header Files</Filter>
    </ClInclude>
    <ClInclude Include="Test.h">
      <Filter>Header Files</Filter>
    </ClInclude>
  </ItemGroup>
  <ItemGroup>
    <None Include="vulkan_shader_src\line\line.frag" />
    <None Include="vulkan_shader_src\line\line.vert" />
    <None Include="vulkan_shader_src\point\point.frag" />
    <None Include="vulkan_shader_src\point\point.vert" />
    <None Include="vulkan_shader_src\triangle\triangle.vert" />
    <None Include="vulkan_shader_src\triangle\triangle.frag" />
  </ItemGroup>
</Project>